
Microsoft Visual Studio Solution File, Format Version 11.00
# Visual Studio 2010
Project("{FAE04EC0-301F-11D3-BF4B-00C04F79EFBC}") = "PhotonChat", "PhotonChat.csproj", "{c52652f8-8460-81ed-9ec8-f95fe3c3204e}"
EndProject
Project("{FAE04EC0-301F-11D3-BF4B-00C04F79EFBC}") = "Assembly-CSharp", "Assembly-CSharp.csproj", "{25a4d88b-f66c-6f6f-17bd-e4ce3c151f08}"
EndProject
Project("{FAE04EC0-301F-11D3-BF4B-00C04F79EFBC}") = "PhotonUnityNetworking.Demos", "PhotonUnityNetworking.Demos.csproj", "{f038c3fe-6f56-d021-2278-364df9bbe9a3}"
EndProject
Project("{FAE04EC0-301F-11D3-BF4B-00C04F79EFBC}") = "PhotonRealtime", "PhotonRealtime.csproj", "{aaea5421-6f34-8737-ce3b-c47fe322bb57}"
EndProject
Project("{FAE04EC0-301F-11D3-BF4B-00C04F79EFBC}") = "PhotonUnityNetworking.Editor", "PhotonUnityNetworking.Editor.csproj", "{e7c73b74-3f3c-0b94-a708-5fbb8407fc23}"
EndProject
Project("{FAE04EC0-301F-11D3-BF4B-00C04F79EFBC}") = "PhotonUnityNetworking", "PhotonUnityNetworking.csproj", "{7024e0cc-7f26-d057-e9fd-8e0d6bd92bf5}"
EndProject
Project("{FAE04EC0-301F-11D3-BF4B-00C04F79EFBC}") = "PhotonUnityNetworking.Utilities.PhotonPlayer.Editor", "PhotonUnityNetworking.Utilities.PhotonPlayer.Editor.csproj", "{b6e3d72f-4af6-e842-a9c4-e81b4cf1ae0b}"
EndProject
Project("{FAE04EC0-301F-11D3-BF4B-00C04F79EFBC}") = "PhotonUnityNetworking.Utilities", "PhotonUnityNetworking.Utilities.csproj", "{e37d0080-0519-0704-e090-3c513c3f77c2}"
EndProject
Project("{FAE04EC0-301F-11D3-BF4B-00C04F79EFBC}") = "PunDemos.DemoSlotcarEditor", "PunDemos.DemoSlotcarEditor.csproj", "{25e77c60-70a0-7c0c-7eef-c1a67b92d3d2}"
EndProject
Project("{FAE04EC0-301F-11D3-BF4B-00C04F79EFBC}") = "PhotonUnityNetworking.Utilities.Culling.Editor", "PhotonUnityNetworking.Utilities.Culling.Editor.csproj", "{53a0e129-ac50-8b05-ad5c-0c33f0a8726f}"
EndProject
Project("{FAE04EC0-301F-11D3-BF4B-00C04F79EFBC}") = "PunDemos.DemoHubEditor", "PunDemos.DemoHubEditor.csproj", "{c3296c4d-4379-330f-490b-843af284cb78}"
EndProject
Project("{FAE04EC0-301F-11D3-BF4B-00C04F79EFBC}") = "Assembly-CSharp-Editor", "Assembly-CSharp-Editor.csproj", "{8afbfa6b-1839-9671-83b1-50fa44e9064e}"
EndProject
Global
	GlobalSection(SolutionConfigurationPlatforms) = preSolution
		Debug|Any CPU = Debug|Any CPU
	EndGlobalSection
	GlobalSection(ProjectConfigurationPlatforms) = postSolution
		{c52652f8-8460-81ed-9ec8-f95fe3c3204e}.Debug|Any CPU.ActiveCfg = Debug|Any CPU
		{c52652f8-8460-81ed-9ec8-f95fe3c3204e}.Debug|Any CPU.Build.0 = Debug|Any CPU
		{25a4d88b-f66c-6f6f-17bd-e4ce3c151f08}.Debug|Any CPU.ActiveCfg = Debug|Any CPU
		{25a4d88b-f66c-6f6f-17bd-e4ce3c151f08}.Debug|Any CPU.Build.0 = Debug|Any CPU
		{f038c3fe-6f56-d021-2278-364df9bbe9a3}.Debug|Any CPU.ActiveCfg = Debug|Any CPU
		{f038c3fe-6f56-d021-2278-364df9bbe9a3}.Debug|Any CPU.Build.0 = Debug|Any CPU
		{aaea5421-6f34-8737-ce3b-c47fe322bb57}.Debug|Any CPU.ActiveCfg = Debug|Any CPU
		{aaea5421-6f34-8737-ce3b-c47fe322bb57}.Debug|Any CPU.Build.0 = Debug|Any CPU
		{e7c73b74-3f3c-0b94-a708-5fbb8407fc23}.Debug|Any CPU.ActiveCfg = Debug|Any CPU
		{e7c73b74-3f3c-0b94-a708-5fbb8407fc23}.Debug|Any CPU.Build.0 = Debug|Any CPU
		{7024e0cc-7f26-d057-e9fd-8e0d6bd92bf5}.Debug|Any CPU.ActiveCfg = Debug|Any CPU
		{7024e0cc-7f26-d057-e9fd-8e0d6bd92bf5}.Debug|Any CPU.Build.0 = Debug|Any CPU
		{b6e3d72f-4af6-e842-a9c4-e81b4cf1ae0b}.Debug|Any CPU.ActiveCfg = Debug|Any CPU
		{b6e3d72f-4af6-e842-a9c4-e81b4cf1ae0b}.Debug|Any CPU.Build.0 = Debug|Any CPU
		{e37d0080-0519-0704-e090-3c513c3f77c2}.Debug|Any CPU.ActiveCfg = Debug|Any CPU
		{e37d0080-0519-0704-e090-3c513c3f77c2}.Debug|Any CPU.Build.0 = Debug|Any CPU
		{25e77c60-70a0-7c0c-7eef-c1a67b92d3d2}.Debug|Any CPU.ActiveCfg = Debug|Any CPU
		{25e77c60-70a0-7c0c-7eef-c1a67b92d3d2}.Debug|Any CPU.Build.0 = Debug|Any CPU
		{53a0e129-ac50-8b05-ad5c-0c33f0a8726f}.Debug|Any CPU.ActiveCfg = Debug|Any CPU
		{53a0e129-ac50-8b05-ad5c-0c33f0a8726f}.Debug|Any CPU.Build.0 = Debug|Any CPU
		{c3296c4d-4379-330f-490b-843af284cb78}.Debug|Any CPU.ActiveCfg = Debug|Any CPU
		{c3296c4d-4379-330f-490b-843af284cb78}.Debug|Any CPU.Build.0 = Debug|Any CPU
		{8afbfa6b-1839-9671-83b1-50fa44e9064e}.Debug|Any CPU.ActiveCfg = Debug|Any CPU
		{8afbfa6b-1839-9671-83b1-50fa44e9064e}.Debug|Any CPU.Build.0 = Debug|Any CPU
	EndGlobalSection
	GlobalSection(SolutionProperties) = preSolution
		HideSolutionNode = FALSE
	EndGlobalSection
EndGlobal
